
Microsoft Visual Studio Solution File, Format Version 12.00
# Visual Studio Version 17
VisualStudioVersion = 17.4.33213.308
MinimumVisualStudioVersion = 10.0.40219.1
Project("{FAE04EC0-301F-11D3-BF4B-00C04F79EFBC}") = "vari_tavarat", "vari_tavarat.csproj", "{1AF411D9-85B9-45E0-9FE7-D160D2798684}"
EndProject
Global
	GlobalSection(SolutionConfigurationPlatforms) = preSolution
		Debug|Any CPU = Debug|Any CPU
		Release|Any CPU = Release|Any CPU
	EndGlobalSection
	GlobalSection(ProjectConfigurationPlatforms) = postSolution
		{1AF411D9-85B9-45E0-9FE7-D160D2798684}.Debug|Any CPU.ActiveCfg = Debug|Any CPU
		{1AF411D9-85B9-45E0-9FE7-D160D2798684}.Debug|Any CPU.Build.0 = Debug|Any CPU
		{1AF411D9-85B9-45E0-9FE7-D160D2798684}.Release|Any CPU.ActiveCfg = Release|Any CPU
		{1AF411D9-85B9-45E0-9FE7-D160D2798684}.Release|Any CPU.Build.0 = Release|Any CPU
	EndGlobalSection
	GlobalSection(SolutionProperties) = preSolution
		HideSolutionNode = FALSE
	EndGlobalSection
	GlobalSection(ExtensibilityGlobals) = postSolution
		SolutionGuid = {E117969D-62CE-4631-AA81-B47D217CDD58}
	EndGlobalSection
EndGlobal
