
Microsoft Visual Studio Solution File, Format Version 12.00
# Visual Studio Version 17
VisualStudioVersion = 17.4.33213.308
MinimumVisualStudioVersion = 10.0.40219.1
Project("{FAE04EC0-301F-11D3-BF4B-00C04F79EFBC}") = "robot", "robot.csproj", "{878CDADD-C0B3-4A99-9C15-79B969A4BA72}"
EndProject
Global
	GlobalSection(SolutionConfigurationPlatforms) = preSolution
		Debug|Any CPU = Debug|Any CPU
		Release|Any CPU = Release|Any CPU
	EndGlobalSection
	GlobalSection(ProjectConfigurationPlatforms) = postSolution
		{878CDADD-C0B3-4A99-9C15-79B969A4BA72}.Debug|Any CPU.ActiveCfg = Debug|Any CPU
		{878CDADD-C0B3-4A99-9C15-79B969A4BA72}.Debug|Any CPU.Build.0 = Debug|Any CPU
		{878CDADD-C0B3-4A99-9C15-79B969A4BA72}.Release|Any CPU.ActiveCfg = Release|Any CPU
		{878CDADD-C0B3-4A99-9C15-79B969A4BA72}.Release|Any CPU.Build.0 = Release|Any CPU
	EndGlobalSection
	GlobalSection(SolutionProperties) = preSolution
		HideSolutionNode = FALSE
	EndGlobalSection
	GlobalSection(ExtensibilityGlobals) = postSolution
		SolutionGuid = {7BF4F550-4596-45DD-97DA-B60367D36D7D}
	EndGlobalSection
EndGlobal
