
Microsoft Visual Studio Solution File, Format Version 12.00
# Visual Studio Version 17
VisualStudioVersion = 17.4.33213.308
MinimumVisualStudioVersion = 10.0.40219.1
Project("{FAE04EC0-301F-11D3-BF4B-00C04F79EFBC}") = "ruokaGenerator", "ruokaGenerator.csproj", "{07212FB1-BC74-4102-B036-CF8477F08CC1}"
EndProject
Global
	GlobalSection(SolutionConfigurationPlatforms) = preSolution
		Debug|Any CPU = Debug|Any CPU
		Release|Any CPU = Release|Any CPU
	EndGlobalSection
	GlobalSection(ProjectConfigurationPlatforms) = postSolution
		{07212FB1-BC74-4102-B036-CF8477F08CC1}.Debug|Any CPU.ActiveCfg = Debug|Any CPU
		{07212FB1-BC74-4102-B036-CF8477F08CC1}.Debug|Any CPU.Build.0 = Debug|Any CPU
		{07212FB1-BC74-4102-B036-CF8477F08CC1}.Release|Any CPU.ActiveCfg = Release|Any CPU
		{07212FB1-BC74-4102-B036-CF8477F08CC1}.Release|Any CPU.Build.0 = Release|Any CPU
	EndGlobalSection
	GlobalSection(SolutionProperties) = preSolution
		HideSolutionNode = FALSE
	EndGlobalSection
	GlobalSection(ExtensibilityGlobals) = postSolution
		SolutionGuid = {D90E28CA-9DA7-4CB1-B1E2-78C5D09CC777}
	EndGlobalSection
EndGlobal
