
Microsoft Visual Studio Solution File, Format Version 12.00
# Visual Studio Version 17
VisualStudioVersion = 17.4.33213.308
MinimumVisualStudioVersion = 10.0.40219.1
Project("{FAE04EC0-301F-11D3-BF4B-00C04F79EFBC}") = "reppu", "reppu.csproj", "{9EC42D5F-3C1E-4878-A536-290373435CAC}"
EndProject
Global
	GlobalSection(SolutionConfigurationPlatforms) = preSolution
		Debug|Any CPU = Debug|Any CPU
		Release|Any CPU = Release|Any CPU
	EndGlobalSection
	GlobalSection(ProjectConfigurationPlatforms) = postSolution
		{9EC42D5F-3C1E-4878-A536-290373435CAC}.Debug|Any CPU.ActiveCfg = Debug|Any CPU
		{9EC42D5F-3C1E-4878-A536-290373435CAC}.Debug|Any CPU.Build.0 = Debug|Any CPU
		{9EC42D5F-3C1E-4878-A536-290373435CAC}.Release|Any CPU.ActiveCfg = Release|Any CPU
		{9EC42D5F-3C1E-4878-A536-290373435CAC}.Release|Any CPU.Build.0 = Release|Any CPU
	EndGlobalSection
	GlobalSection(SolutionProperties) = preSolution
		HideSolutionNode = FALSE
	EndGlobalSection
	GlobalSection(ExtensibilityGlobals) = postSolution
		SolutionGuid = {F24D5DC6-0201-4BC7-840F-16E3D780E418}
	EndGlobalSection
EndGlobal
