
Microsoft Visual Studio Solution File, Format Version 12.00
# Visual Studio Version 17
VisualStudioVersion = 17.4.33213.308
MinimumVisualStudioVersion = 10.0.40219.1
Project("{FAE04EC0-301F-11D3-BF4B-00C04F79EFBC}") = "ruudukko", "ruudukko.csproj", "{0DBFEDE4-6811-47A5-94AF-4868F37BCFA7}"
EndProject
Global
	GlobalSection(SolutionConfigurationPlatforms) = preSolution
		Debug|Any CPU = Debug|Any CPU
		Release|Any CPU = Release|Any CPU
	EndGlobalSection
	GlobalSection(ProjectConfigurationPlatforms) = postSolution
		{0DBFEDE4-6811-47A5-94AF-4868F37BCFA7}.Debug|Any CPU.ActiveCfg = Debug|Any CPU
		{0DBFEDE4-6811-47A5-94AF-4868F37BCFA7}.Debug|Any CPU.Build.0 = Debug|Any CPU
		{0DBFEDE4-6811-47A5-94AF-4868F37BCFA7}.Release|Any CPU.ActiveCfg = Release|Any CPU
		{0DBFEDE4-6811-47A5-94AF-4868F37BCFA7}.Release|Any CPU.Build.0 = Release|Any CPU
	EndGlobalSection
	GlobalSection(SolutionProperties) = preSolution
		HideSolutionNode = FALSE
	EndGlobalSection
	GlobalSection(ExtensibilityGlobals) = postSolution
		SolutionGuid = {65AA0F06-8D3D-4CB9-AEB8-36DF9F8B65BC}
	EndGlobalSection
EndGlobal
